
Microsoft Visual Studio Solution File, Format Version 12.00
# Visual Studio Version 17
VisualStudioVersion = 17.10.34916.146
MinimumVisualStudioVersion = 10.0.40219.1
Project("{FAE04EC0-301F-11D3-BF4B-00C04F79EFBC}") = "ThisisCSharp", "ThisisCSharp\ThisisCSharp.csproj", "{0C7DA17A-3C12-4E1D-AAB8-A8704BDF4D98}"
EndProject
Global
	GlobalSection(SolutionConfigurationPlatforms) = preSolution
		Debug|Any CPU = Debug|Any CPU
		Release|Any CPU = Release|Any CPU
	EndGlobalSection
	GlobalSection(ProjectConfigurationPlatforms) = postSolution
		{0C7DA17A-3C12-4E1D-AAB8-A8704BDF4D98}.Debug|Any CPU.ActiveCfg = Debug|Any CPU
		{0C7DA17A-3C12-4E1D-AAB8-A8704BDF4D98}.Debug|Any CPU.Build.0 = Debug|Any CPU
		{0C7DA17A-3C12-4E1D-AAB8-A8704BDF4D98}.Release|Any CPU.ActiveCfg = Release|Any CPU
		{0C7DA17A-3C12-4E1D-AAB8-A8704BDF4D98}.Release|Any CPU.Build.0 = Release|Any CPU
	EndGlobalSection
	GlobalSection(SolutionProperties) = preSolution
		HideSolutionNode = FALSE
	EndGlobalSection
	GlobalSection(ExtensibilityGlobals) = postSolution
		SolutionGuid = {15BB3822-9101-4914-9A6E-E653D5F75B31}
	EndGlobalSection
EndGlobal
